<?xml version="1.0" encoding="utf-8"?>
<Project ToolsVersion="4.0" xmlns="http://schemas.microsoft.com/developer/msbuild/2003">
  <ItemGroup>
    <Filter Include="Managers">
      <UniqueIdentifier>{ade47560-c11a-4edf-99be-40edc4d2450d}</UniqueIdentifier>
    </Filter>
    <Filter Include="Renders">
      <UniqueIdentifier>{8978712c-3eb6-42e6-b52b-d9a89d8c7f3f}</UniqueIdentifier>
    </Filter>
    <Filter Include="Renders\ConstantBuffers">
      <UniqueIdentifier>{81656e91-f424-41dd-ac48-eb3e0d15b402}</UniqueIdentifier>
    </Filter>
    <Filter Include="Renders\IA">
      <UniqueIdentifier>{1998f8eb-5b5d-4b17-9799-083eb774fc77}</UniqueIdentifier>
    </Filter>
    <Filter Include="Components">
      <UniqueIdentifier>{9c4d37de-d1cb-480c-9cd9-6d90f73af201}</UniqueIdentifier>
    </Filter>
    <Filter Include="Objects">
      <UniqueIdentifier>{ecd635fe-7933-47b4-b3a0-7788adc2b72d}</UniqueIdentifier>
    </Filter>
    <Filter Include="Renders\Shaders">
      <UniqueIdentifier>{43333cc6-d292-4ea0-ad78-8a797592804b}</UniqueIdentifier>
    </Filter>
    <Filter Include="Resources">
      <UniqueIdentifier>{cfa6228e-8beb-4de7-8af5-6fa241b14bc7}</UniqueIdentifier>
    </Filter>
    <Filter Include="Scenes">
      <UniqueIdentifier>{54ac301c-78c5-4b5c-92bb-f86e2b551f21}</UniqueIdentifier>
    </Filter>
    <Filter Include="Scenes\TestScenes">
      <UniqueIdentifier>{2c8525f5-278f-48b3-a9b4-db24a364520c}</UniqueIdentifier>
    </Filter>
    <Filter Include="Config">
      <UniqueIdentifier>{ff82a3dc-fc92-4783-ac35-1cbfe788daa1}</UniqueIdentifier>
    </Filter>
    <Filter Include="Utilities">
      <UniqueIdentifier>{edca8346-5807-4e52-b157-984bdc0d44c5}</UniqueIdentifier>
    </Filter>
  </ItemGroup>
  <ItemGroup>
    <ClCompile Include="Main.cpp" />
    <ClCompile Include="pch.cpp" />
    <ClCompile Include="Window.cpp" />
    <ClCompile Include="Managers\TimeManager.cpp">
      <Filter>Managers</Filter>
    </ClCompile>
    <ClCompile Include="Managers\InputManager.cpp">
      <Filter>Managers</Filter>
    </ClCompile>
    <ClCompile Include="Managers\GraphicsManager.cpp">
      <Filter>Managers</Filter>
    </ClCompile>
    <ClCompile Include="Renders\IA\IndexBuffer.cpp">
      <Filter>Renders\IA</Filter>
    </ClCompile>
    <ClCompile Include="Renders\IA\InputLayout.cpp">
      <Filter>Renders\IA</Filter>
    </ClCompile>
    <ClCompile Include="Renders\IA\VertexBuffer.cpp">
      <Filter>Renders\IA</Filter>
    </ClCompile>
    <ClCompile Include="GameInstance.cpp" />
    <ClCompile Include="Components\Components.cpp">
      <Filter>Components</Filter>
    </ClCompile>
    <ClCompile Include="Components\Transform.cpp">
      <Filter>Components</Filter>
    </ClCompile>
    <ClCompile Include="Managers\ShaderManager.cpp">
      <Filter>Managers</Filter>
    </ClCompile>
    <ClCompile Include="Managers\TextureManager.cpp">
      <Filter>Managers</Filter>
    </ClCompile>
    <ClCompile Include="Objects\Object.cpp">
      <Filter>Objects</Filter>
    </ClCompile>
    <ClCompile Include="Renders\Shaders\Shader.cpp">
      <Filter>Renders\Shaders</Filter>
    </ClCompile>
    <ClCompile Include="Renders\Shaders\VertexShader.cpp">
      <Filter>Renders\Shaders</Filter>
    </ClCompile>
    <ClCompile Include="Renders\Shaders\PixelShader.cpp">
      <Filter>Renders\Shaders</Filter>
    </ClCompile>
    <ClCompile Include="Resources\Material.cpp">
      <Filter>Resources</Filter>
    </ClCompile>
    <ClCompile Include="Resources\Mesh.cpp">
      <Filter>Resources</Filter>
    </ClCompile>
    <ClCompile Include="Resources\Texture.cpp">
      <Filter>Resources</Filter>
    </ClCompile>
    <ClCompile Include="Resources\VertexType.cpp">
      <Filter>Resources</Filter>
    </ClCompile>
    <ClCompile Include="Scenes\TestScenes\Scene_TestFeature.cpp">
      <Filter>Scenes\TestScenes</Filter>
    </ClCompile>
    <ClCompile Include="Components\RigidBody.cpp">
      <Filter>Components</Filter>
    </ClCompile>
    <ClCompile Include="Managers\PhysicsManager.cpp">
      <Filter>Managers</Filter>
    </ClCompile>
    <ClCompile Include="Components\BoxCollider.cpp">
      <Filter>Components</Filter>
    </ClCompile>
    <ClCompile Include="Components\CircleCollider.cpp">
      <Filter>Components</Filter>
    </ClCompile>
    <ClCompile Include="Components\Collider.cpp">
      <Filter>Components</Filter>
    </ClCompile>
    <ClCompile Include="Utilities\GeometryHelper.cpp">
      <Filter>Utilities</Filter>
    </ClCompile>
    <ClCompile Include="Utilities\ObjectFactory.cpp">
      <Filter>Utilities</Filter>
    </ClCompile>
    <ClCompile Include="Utilities\Random.cpp">
      <Filter>Utilities</Filter>
    </ClCompile>
  </ItemGroup>
  <ItemGroup>
    <ClInclude Include="pch.h" />
    <ClInclude Include="targetver.h" />
    <ClInclude Include="Window.h" />
    <ClInclude Include="Managers\TimeManager.h">
      <Filter>Managers</Filter>
    </ClInclude>
    <ClInclude Include="Managers\InputManager.h">
      <Filter>Managers</Filter>
    </ClInclude>
    <ClInclude Include="Managers\GraphicsManager.h">
      <Filter>Managers</Filter>
    </ClInclude>
    <ClInclude Include="Renders\ConstantBuffers\ConstantBuffer.h">
      <Filter>Renders\ConstantBuffers</Filter>
    </ClInclude>
    <ClInclude Include="Renders\ConstantBuffers\GlobalBuffers.h">
      <Filter>Renders\ConstantBuffers</Filter>
    </ClInclude>
    <ClInclude Include="Renders\IA\IndexBuffer.h">
      <Filter>Renders\IA</Filter>
    </ClInclude>
    <ClInclude Include="Renders\IA\InputLayout.h">
      <Filter>Renders\IA</Filter>
    </ClInclude>
    <ClInclude Include="Renders\IA\VertexBuffer.h">
      <Filter>Renders\IA</Filter>
    </ClInclude>
    <ClInclude Include="GameInstance.h" />
    <ClInclude Include="Components\Component.h">
      <Filter>Components</Filter>
    </ClInclude>
    <ClInclude Include="Components\Transform.h">
      <Filter>Components</Filter>
    </ClInclude>
    <ClInclude Include="Managers\ShaderManager.h">
      <Filter>Managers</Filter>
    </ClInclude>
    <ClInclude Include="Managers\TextureManager.h">
      <Filter>Managers</Filter>
    </ClInclude>
    <ClInclude Include="Objects\Object.h">
      <Filter>Objects</Filter>
    </ClInclude>
    <ClInclude Include="Renders\Shaders\Shader.h">
      <Filter>Renders\Shaders</Filter>
    </ClInclude>
    <ClInclude Include="Renders\Shaders\VertexShader.h">
      <Filter>Renders\Shaders</Filter>
    </ClInclude>
    <ClInclude Include="Renders\Shaders\PixelShader.h">
      <Filter>Renders\Shaders</Filter>
    </ClInclude>
    <ClInclude Include="Resources\Material.h">
      <Filter>Resources</Filter>
    </ClInclude>
    <ClInclude Include="Resources\Mesh.h">
      <Filter>Resources</Filter>
    </ClInclude>
    <ClInclude Include="Resources\Texture.h">
      <Filter>Resources</Filter>
    </ClInclude>
    <ClInclude Include="Resources\VertexType.h">
      <Filter>Resources</Filter>
    </ClInclude>
    <ClInclude Include="Scenes\TestScenes\Scene_TestFeature.h">
      <Filter>Scenes\TestScenes</Filter>
    </ClInclude>
    <ClInclude Include="Scenes\Scene.h">
      <Filter>Scenes</Filter>
    </ClInclude>
    <ClInclude Include="Scenes\SceneList.h">
      <Filter>Scenes</Filter>
    </ClInclude>
    <ClInclude Include="Components\RigidBody.h">
      <Filter>Components</Filter>
    </ClInclude>
    <ClInclude Include="Config\ConstantValues.h">
      <Filter>Config</Filter>
    </ClInclude>
    <ClInclude Include="Managers\PhysicsManager.h">
      <Filter>Managers</Filter>
    </ClInclude>
    <ClInclude Include="Utilities\PhysicsUtility.h">
      <Filter>Utilities</Filter>
    </ClInclude>
    <ClInclude Include="Components\BoxCollider.h">
      <Filter>Components</Filter>
    </ClInclude>
    <ClInclude Include="Components\CircleCollider.h">
      <Filter>Components</Filter>
    </ClInclude>
    <ClInclude Include="Components\Collider.h">
      <Filter>Components</Filter>
    </ClInclude>
    <ClInclude Include="Utilities\GeometryHelper.h">
      <Filter>Utilities</Filter>
    </ClInclude>
    <ClInclude Include="Utilities\ObjectFactory.h">
      <Filter>Utilities</Filter>
    </ClInclude>
    <ClInclude Include="Utilities\Random.h">
      <Filter>Utilities</Filter>
    </ClInclude>
  </ItemGroup>
</Project>