<?xml version="1.0" encoding="utf-8"?>
<Project ToolsVersion="4.0" xmlns="http://schemas.microsoft.com/developer/msbuild/2003">
  <ItemGroup>
    <Filter Include="Managers">
      <UniqueIdentifier>{ade47560-c11a-4edf-99be-40edc4d2450d}</UniqueIdentifier>
    </Filter>
    <Filter Include="Renders">
      <UniqueIdentifier>{8978712c-3eb6-42e6-b52b-d9a89d8c7f3f}</UniqueIdentifier>
    </Filter>
    <Filter Include="Renders\ConstantBuffers">
      <UniqueIdentifier>{81656e91-f424-41dd-ac48-eb3e0d15b402}</UniqueIdentifier>
    </Filter>
    <Filter Include="Renders\IA">
      <UniqueIdentifier>{1998f8eb-5b5d-4b17-9799-083eb774fc77}</UniqueIdentifier>
    </Filter>
  </ItemGroup>
  <ItemGroup>
    <ClCompile Include="Main.cpp" />
    <ClCompile Include="pch.cpp" />
    <ClCompile Include="Window.cpp" />
    <ClCompile Include="Managers\TimeManager.cpp">
      <Filter>Managers</Filter>
    </ClCompile>
    <ClCompile Include="Managers\InputManager.cpp">
      <Filter>Managers</Filter>
    </ClCompile>
    <ClCompile Include="Managers\GraphicsManager.cpp">
      <Filter>Managers</Filter>
    </ClCompile>
    <ClCompile Include="Renders\IA\IndexBuffer.cpp">
      <Filter>Renders\IA</Filter>
    </ClCompile>
    <ClCompile Include="Renders\IA\InputLayout.cpp">
      <Filter>Renders\IA</Filter>
    </ClCompile>
    <ClCompile Include="Renders\IA\VertexBuffer.cpp">
      <Filter>Renders\IA</Filter>
    </ClCompile>
  </ItemGroup>
  <ItemGroup>
    <ClInclude Include="pch.h" />
    <ClInclude Include="targetver.h" />
    <ClInclude Include="Window.h" />
    <ClInclude Include="Managers\TimeManager.h">
      <Filter>Managers</Filter>
    </ClInclude>
    <ClInclude Include="Managers\InputManager.h">
      <Filter>Managers</Filter>
    </ClInclude>
    <ClInclude Include="Managers\GraphicsManager.h">
      <Filter>Managers</Filter>
    </ClInclude>
    <ClInclude Include="Renders\ConstantBuffers\ConstantBuffer.h">
      <Filter>Renders\ConstantBuffers</Filter>
    </ClInclude>
    <ClInclude Include="Renders\ConstantBuffers\GlobalBuffers.h">
      <Filter>Renders\ConstantBuffers</Filter>
    </ClInclude>
    <ClInclude Include="Renders\IA\IndexBuffer.h">
      <Filter>Renders\IA</Filter>
    </ClInclude>
    <ClInclude Include="Renders\IA\InputLayout.h">
      <Filter>Renders\IA</Filter>
    </ClInclude>
    <ClInclude Include="Renders\IA\VertexBuffer.h">
      <Filter>Renders\IA</Filter>
    </ClInclude>
  </ItemGroup>
</Project>