<?xml version="1.0" encoding="utf-8"?>
<Project ToolsVersion="4.0" xmlns="http://schemas.microsoft.com/developer/msbuild/2003">
  <ItemGroup>
    <Filter Include="Managers">
      <UniqueIdentifier>{ade47560-c11a-4edf-99be-40edc4d2450d}</UniqueIdentifier>
    </Filter>
  </ItemGroup>
  <ItemGroup>
    <ClCompile Include="Main.cpp" />
    <ClCompile Include="pch.cpp" />
    <ClCompile Include="Window.cpp" />
    <ClCompile Include="Managers\TimeManager.cpp">
      <Filter>Managers</Filter>
    </ClCompile>
  </ItemGroup>
  <ItemGroup>
    <ClInclude Include="pch.h" />
    <ClInclude Include="targetver.h" />
    <ClInclude Include="Window.h" />
    <ClInclude Include="Managers\TimeManager.h">
      <Filter>Managers</Filter>
    </ClInclude>
  </ItemGroup>
</Project>